
Microsoft Visual Studio Solution File, Format Version 12.00
# Visual Studio Version 16
VisualStudioVersion = 16.0.808.10
MinimumVisualStudioVersion = 10.0.40219.1
Project("{FAE04EC0-301F-11D3-BF4B-00C04F79EFBC}") = "HTMLModule345", "HTMLModule345\HTMLModule345.csproj", "{BE48452A-FDF8-441D-8025-3F8725C74E6F}"
EndProject
Global
	GlobalSection(SolutionConfigurationPlatforms) = preSolution
		Debug|Any CPU = Debug|Any CPU
		Release|Any CPU = Release|Any CPU
	EndGlobalSection
	GlobalSection(ProjectConfigurationPlatforms) = postSolution
		{BE48452A-FDF8-441D-8025-3F8725C74E6F}.Debug|Any CPU.ActiveCfg = Debug|Any CPU
		{BE48452A-FDF8-441D-8025-3F8725C74E6F}.Debug|Any CPU.Build.0 = Debug|Any CPU
		{BE48452A-FDF8-441D-8025-3F8725C74E6F}.Release|Any CPU.ActiveCfg = Release|Any CPU
		{BE48452A-FDF8-441D-8025-3F8725C74E6F}.Release|Any CPU.Build.0 = Release|Any CPU
	EndGlobalSection
	GlobalSection(SolutionProperties) = preSolution
		HideSolutionNode = FALSE
	EndGlobalSection
	GlobalSection(ExtensibilityGlobals) = postSolution
		SolutionGuid = {770E31F2-32A7-43D6-9E52-3DFCDC88A974}
	EndGlobalSection
EndGlobal
